// !$*UTF8*$!
{
	archiveVersion = 1;
	classes = {
	};
	objectVersion = 51;
	objects = {

/* Begin PBXBuildFile section */
		7627F00626FD8D8800A3F930 /* AmazonLocationDemoApp.swift in Sources */ = {isa = PBXBuildFile; fileRef = 7627EFF326FD8D8700A3F930 /* AmazonLocationDemoApp.swift */; };
		7627F00726FD8D8800A3F930 /* AmazonLocationDemoApp.swift in Sources */ = {isa = PBXBuildFile; fileRef = 7627EFF326FD8D8700A3F930 /* AmazonLocationDemoApp.swift */; };
		7627F00826FD8D8800A3F930 /* ContentView.swift in Sources */ = {isa = PBXBuildFile; fileRef = 7627EFF426FD8D8700A3F930 /* ContentView.swift */; };
		7627F00926FD8D8800A3F930 /* ContentView.swift in Sources */ = {isa = PBXBuildFile; fileRef = 7627EFF426FD8D8700A3F930 /* ContentView.swift */; };
		7627F00A26FD8D8800A3F930 /* Assets.xcassets in Resources */ = {isa = PBXBuildFile; fileRef = 7627EFF526FD8D8800A3F930 /* Assets.xcassets */; };
		7627F00B26FD8D8800A3F930 /* Assets.xcassets in Resources */ = {isa = PBXBuildFile; fileRef = 7627EFF526FD8D8800A3F930 /* Assets.xcassets */; };
		7627F01626FD8DC800A3F930 /* MapKit.framework in Frameworks */ = {isa = PBXBuildFile; fileRef = 7627F01526FD8DC800A3F930 /* MapKit.framework */; };
		7627F01826FD93BC00A3F930 /* MapView.swift in Sources */ = {isa = PBXBuildFile; fileRef = 7627F01726FD93BC00A3F930 /* MapView.swift */; };
		7627F01926FD93BC00A3F930 /* MapView.swift in Sources */ = {isa = PBXBuildFile; fileRef = 7627F01726FD93BC00A3F930 /* MapView.swift */; };
		7627F01B26FDA3B100A3F930 /* LocationManagement.swift in Sources */ = {isa = PBXBuildFile; fileRef = 7627F01A26FDA3B100A3F930 /* LocationManagement.swift */; };
		7627F01C26FDA3B100A3F930 /* LocationManagement.swift in Sources */ = {isa = PBXBuildFile; fileRef = 7627F01A26FDA3B100A3F930 /* LocationManagement.swift */; };
		7627F04A26FDB25700A3F930 /* vancouver-drive.gpx in Resources */ = {isa = PBXBuildFile; fileRef = 7627F04926FDB25700A3F930 /* vancouver-drive.gpx */; };
		7627F04B26FDB25700A3F930 /* vancouver-drive.gpx in Resources */ = {isa = PBXBuildFile; fileRef = 7627F04926FDB25700A3F930 /* vancouver-drive.gpx */; };
		76CD572726FDD0C200A684DD /* amplifyconfiguration.json in Resources */ = {isa = PBXBuildFile; fileRef = 76CD572526FDD0C200A684DD /* amplifyconfiguration.json */; };
		76CD572826FDD0C200A684DD /* amplifyconfiguration.json in Resources */ = {isa = PBXBuildFile; fileRef = 76CD572526FDD0C200A684DD /* amplifyconfiguration.json */; };
		76CD572926FDD0C200A684DD /* awsconfiguration.json in Resources */ = {isa = PBXBuildFile; fileRef = 76CD572626FDD0C200A684DD /* awsconfiguration.json */; };
		76CD572A26FDD0C200A684DD /* awsconfiguration.json in Resources */ = {isa = PBXBuildFile; fileRef = 76CD572626FDD0C200A684DD /* awsconfiguration.json */; };
		C2DEFE0C2F530E351C0B8983 /* Pods_AmazonLocationDemo__iOS_.framework in Frameworks */ = {isa = PBXBuildFile; fileRef = EB5D959A96CDBA11F0BC7773 /* Pods_AmazonLocationDemo__iOS_.framework */; };
		D33EB5AF8E83515AD7B556D2 /* Pods_AmazonLocationDemo__macOS_.framework in Frameworks */ = {isa = PBXBuildFile; fileRef = CCD36B4ABBAB30292A972B92 /* Pods_AmazonLocationDemo__macOS_.framework */; };
/* End PBXBuildFile section */

/* Begin PBXFileReference section */
		28640BE86025861520B16881 /* Pods-AmazonLocationDemo (macOS).release.xcconfig */ = {isa = PBXFileReference; includeInIndex = 1; lastKnownFileType = text.xcconfig; name = "Pods-AmazonLocationDemo (macOS).release.xcconfig"; path = "Target Support Files/Pods-AmazonLocationDemo (macOS)/Pods-AmazonLocationDemo (macOS).release.xcconfig"; sourceTree = "<group>"; };
		7627EFF326FD8D8700A3F930 /* AmazonLocationDemoApp.swift */ = {isa = PBXFileReference; lastKnownFileType = sourcecode.swift; path = AmazonLocationDemoApp.swift; sourceTree = "<group>"; };
		7627EFF426FD8D8700A3F930 /* ContentView.swift */ = {isa = PBXFileReference; lastKnownFileType = sourcecode.swift; path = ContentView.swift; sourceTree = "<group>"; };
		7627EFF526FD8D8800A3F930 /* Assets.xcassets */ = {isa = PBXFileReference; lastKnownFileType = folder.assetcatalog; path = Assets.xcassets; sourceTree = "<group>"; };
		7627EFFA26FD8D8800A3F930 /* AmazonLocationDemo.app */ = {isa = PBXFileReference; explicitFileType = wrapper.application; includeInIndex = 0; path = AmazonLocationDemo.app; sourceTree = BUILT_PRODUCTS_DIR; };
		7627EFFD26FD8D8800A3F930 /* Info.plist */ = {isa = PBXFileReference; lastKnownFileType = text.plist.xml; path = Info.plist; sourceTree = "<group>"; };
		7627F00226FD8D8800A3F930 /* AmazonLocationDemo.app */ = {isa = PBXFileReference; explicitFileType = wrapper.application; includeInIndex = 0; path = AmazonLocationDemo.app; sourceTree = BUILT_PRODUCTS_DIR; };
		7627F00426FD8D8800A3F930 /* Info.plist */ = {isa = PBXFileReference; lastKnownFileType = text.plist.xml; path = Info.plist; sourceTree = "<group>"; };
		7627F00526FD8D8800A3F930 /* macOS.entitlements */ = {isa = PBXFileReference; lastKnownFileType = text.plist.entitlements; path = macOS.entitlements; sourceTree = "<group>"; };
		7627F01526FD8DC800A3F930 /* MapKit.framework */ = {isa = PBXFileReference; lastKnownFileType = wrapper.framework; name = MapKit.framework; path = Platforms/iPhoneOS.platform/Developer/SDKs/iPhoneOS14.5.sdk/System/Library/Frameworks/MapKit.framework; sourceTree = DEVELOPER_DIR; };
		7627F01726FD93BC00A3F930 /* MapView.swift */ = {isa = PBXFileReference; lastKnownFileType = sourcecode.swift; path = MapView.swift; sourceTree = "<group>"; };
		7627F01A26FDA3B100A3F930 /* LocationManagement.swift */ = {isa = PBXFileReference; lastKnownFileType = sourcecode.swift; path = LocationManagement.swift; sourceTree = "<group>"; };
		7627F04826FDABB900A3F930 /* vancouver-walk.gpx */ = {isa = PBXFileReference; lastKnownFileType = text.xml; path = "vancouver-walk.gpx"; sourceTree = "<group>"; };
		7627F04926FDB25700A3F930 /* vancouver-drive.gpx */ = {isa = PBXFileReference; fileEncoding = 4; lastKnownFileType = text.xml; path = "vancouver-drive.gpx"; sourceTree = "<group>"; };
		76CD572526FDD0C200A684DD /* amplifyconfiguration.json */ = {isa = PBXFileReference; fileEncoding = 4; lastKnownFileType = text.json; path = amplifyconfiguration.json; sourceTree = SOURCE_ROOT; };
		76CD572626FDD0C200A684DD /* awsconfiguration.json */ = {isa = PBXFileReference; fileEncoding = 4; lastKnownFileType = text.json; path = awsconfiguration.json; sourceTree = SOURCE_ROOT; };
		7E016B9E745E687E4216192F /* Pods-AmazonLocationDemo (iOS).release.xcconfig */ = {isa = PBXFileReference; includeInIndex = 1; lastKnownFileType = text.xcconfig; name = "Pods-AmazonLocationDemo (iOS).release.xcconfig"; path = "Target Support Files/Pods-AmazonLocationDemo (iOS)/Pods-AmazonLocationDemo (iOS).release.xcconfig"; sourceTree = "<group>"; };
		ADFB23B7E1A30097844C8BE1 /* Pods-AmazonLocationDemo (iOS).debug.xcconfig */ = {isa = PBXFileReference; includeInIndex = 1; lastKnownFileType = text.xcconfig; name = "Pods-AmazonLocationDemo (iOS).debug.xcconfig"; path = "Target Support Files/Pods-AmazonLocationDemo (iOS)/Pods-AmazonLocationDemo (iOS).debug.xcconfig"; sourceTree = "<group>"; };
		CCD36B4ABBAB30292A972B92 /* Pods_AmazonLocationDemo__macOS_.framework */ = {isa = PBXFileReference; explicitFileType = wrapper.framework; includeInIndex = 0; path = Pods_AmazonLocationDemo__macOS_.framework; sourceTree = BUILT_PRODUCTS_DIR; };
		D4CF26F6C1A6E4D78BCDE8A0 /* Pods-AmazonLocationDemo (macOS).debug.xcconfig */ = {isa = PBXFileReference; includeInIndex = 1; lastKnownFileType = text.xcconfig; name = "Pods-AmazonLocationDemo (macOS).debug.xcconfig"; path = "Target Support Files/Pods-AmazonLocationDemo (macOS)/Pods-AmazonLocationDemo (macOS).debug.xcconfig"; sourceTree = "<group>"; };
		EB5D959A96CDBA11F0BC7773 /* Pods_AmazonLocationDemo__iOS_.framework */ = {isa = PBXFileReference; explicitFileType = wrapper.framework; includeInIndex = 0; path = Pods_AmazonLocationDemo__iOS_.framework; sourceTree = BUILT_PRODUCTS_DIR; };
/* End PBXFileReference section */

/* Begin PBXFrameworksBuildPhase section */
		7627EFF726FD8D8800A3F930 /* Frameworks */ = {
			isa = PBXFrameworksBuildPhase;
			buildActionMask = 2147483647;
			files = (
				7627F01626FD8DC800A3F930 /* MapKit.framework in Frameworks */,
				C2DEFE0C2F530E351C0B8983 /* Pods_AmazonLocationDemo__iOS_.framework in Frameworks */,
			);
			runOnlyForDeploymentPostprocessing = 0;
		};
		7627EFFF26FD8D8800A3F930 /* Frameworks */ = {
			isa = PBXFrameworksBuildPhase;
			buildActionMask = 2147483647;
			files = (
				D33EB5AF8E83515AD7B556D2 /* Pods_AmazonLocationDemo__macOS_.framework in Frameworks */,
			);
			runOnlyForDeploymentPostprocessing = 0;
		};
/* End PBXFrameworksBuildPhase section */

/* Begin PBXGroup section */
		37D58E5725B58A1393AF592C /* Pods */ = {
			isa = PBXGroup;
			children = (
				ADFB23B7E1A30097844C8BE1 /* Pods-AmazonLocationDemo (iOS).debug.xcconfig */,
				7E016B9E745E687E4216192F /* Pods-AmazonLocationDemo (iOS).release.xcconfig */,
				D4CF26F6C1A6E4D78BCDE8A0 /* Pods-AmazonLocationDemo (macOS).debug.xcconfig */,
				28640BE86025861520B16881 /* Pods-AmazonLocationDemo (macOS).release.xcconfig */,
			);
			path = Pods;
			sourceTree = "<group>";
		};
		7627EFED26FD8D8700A3F930 = {
			isa = PBXGroup;
			children = (
				7627EFF226FD8D8700A3F930 /* Shared */,
				7627EFFC26FD8D8800A3F930 /* iOS */,
				7627F00326FD8D8800A3F930 /* macOS */,
				7627EFFB26FD8D8800A3F930 /* Products */,
				7627F01426FD8DC700A3F930 /* Frameworks */,
				37D58E5725B58A1393AF592C /* Pods */,
			);
			sourceTree = "<group>";
		};
		7627EFF226FD8D8700A3F930 /* Shared */ = {
			isa = PBXGroup;
			children = (
				76CD572526FDD0C200A684DD /* amplifyconfiguration.json */,
				76CD572626FDD0C200A684DD /* awsconfiguration.json */,
				7627F04826FDABB900A3F930 /* vancouver-walk.gpx */,
				7627F04926FDB25700A3F930 /* vancouver-drive.gpx */,
				7627EFF326FD8D8700A3F930 /* AmazonLocationDemoApp.swift */,
				7627EFF426FD8D8700A3F930 /* ContentView.swift */,
				7627EFF526FD8D8800A3F930 /* Assets.xcassets */,
				7627F01726FD93BC00A3F930 /* MapView.swift */,
				7627F01A26FDA3B100A3F930 /* LocationManagement.swift */,
			);
			path = Shared;
			sourceTree = "<group>";
		};
		7627EFFB26FD8D8800A3F930 /* Products */ = {
			isa = PBXGroup;
			children = (
				7627EFFA26FD8D8800A3F930 /* AmazonLocationDemo.app */,
				7627F00226FD8D8800A3F930 /* AmazonLocationDemo.app */,
			);
			name = Products;
			sourceTree = "<group>";
		};
		7627EFFC26FD8D8800A3F930 /* iOS */ = {
			isa = PBXGroup;
			children = (
				7627EFFD26FD8D8800A3F930 /* Info.plist */,
			);
			path = iOS;
			sourceTree = "<group>";
		};
		7627F00326FD8D8800A3F930 /* macOS */ = {
			isa = PBXGroup;
			children = (
				7627F00426FD8D8800A3F930 /* Info.plist */,
				7627F00526FD8D8800A3F930 /* macOS.entitlements */,
			);
			path = macOS;
			sourceTree = "<group>";
		};
		7627F01426FD8DC700A3F930 /* Frameworks */ = {
			isa = PBXGroup;
			children = (
				7627F01526FD8DC800A3F930 /* MapKit.framework */,
				EB5D959A96CDBA11F0BC7773 /* Pods_AmazonLocationDemo__iOS_.framework */,
				CCD36B4ABBAB30292A972B92 /* Pods_AmazonLocationDemo__macOS_.framework */,
			);
			name = Frameworks;
			sourceTree = "<group>";
		};
/* End PBXGroup section */

/* Begin PBXNativeTarget section */
		7627EFF926FD8D8800A3F930 /* AmazonLocationDemo (iOS) */ = {
			isa = PBXNativeTarget;
			buildConfigurationList = 7627F00E26FD8D8800A3F930 /* Build configuration list for PBXNativeTarget "AmazonLocationDemo (iOS)" */;
			buildPhases = (
				D248D59A3F7097E8405AE64F /* [CP] Check Pods Manifest.lock */,
				7627EFF626FD8D8800A3F930 /* Sources */,
				7627EFF726FD8D8800A3F930 /* Frameworks */,
				7627EFF826FD8D8800A3F930 /* Resources */,
				DF24AE5594CD5F0D2870B33B /* [CP] Embed Pods Frameworks */,
			);
			buildRules = (
			);
			dependencies = (
			);
			name = "AmazonLocationDemo (iOS)";
			productName = "AmazonLocationDemo (iOS)";
			productReference = 7627EFFA26FD8D8800A3F930 /* AmazonLocationDemo.app */;
			productType = "com.apple.product-type.application";
		};
		7627F00126FD8D8800A3F930 /* AmazonLocationDemo (macOS) */ = {
			isa = PBXNativeTarget;
			buildConfigurationList = 7627F01126FD8D8800A3F930 /* Build configuration list for PBXNativeTarget "AmazonLocationDemo (macOS)" */;
			buildPhases = (
				2333733129B60EFFB53CC5E3 /* [CP] Check Pods Manifest.lock */,
				7627EFFE26FD8D8800A3F930 /* Sources */,
				7627EFFF26FD8D8800A3F930 /* Frameworks */,
				7627F00026FD8D8800A3F930 /* Resources */,
			);
			buildRules = (
			);
			dependencies = (
			);
			name = "AmazonLocationDemo (macOS)";
			productName = "AmazonLocationDemo (macOS)";
			productReference = 7627F00226FD8D8800A3F930 /* AmazonLocationDemo.app */;
			productType = "com.apple.product-type.application";
		};
/* End PBXNativeTarget section */

/* Begin PBXProject section */
		7627EFEE26FD8D8700A3F930 /* Project object */ = {
			isa = PBXProject;
			attributes = {
				LastSwiftUpdateCheck = 1250;
				LastUpgradeCheck = 1250;
				TargetAttributes = {
					7627EFF926FD8D8800A3F930 = {
						CreatedOnToolsVersion = 12.5.1;
					};
					7627F00126FD8D8800A3F930 = {
						CreatedOnToolsVersion = 12.5.1;
					};
				};
			};
			buildConfigurationList = 7627EFF126FD8D8700A3F930 /* Build configuration list for PBXProject "AmazonLocationDemo" */;
			compatibilityVersion = "Xcode 9.3";
			developmentRegion = en;
			hasScannedForEncodings = 0;
			knownRegions = (
				en,
				Base,
			);
			mainGroup = 7627EFED26FD8D8700A3F930;
			productRefGroup = 7627EFFB26FD8D8800A3F930 /* Products */;
			projectDirPath = "";
			projectRoot = "";
			targets = (
				7627EFF926FD8D8800A3F930 /* AmazonLocationDemo (iOS) */,
				7627F00126FD8D8800A3F930 /* AmazonLocationDemo (macOS) */,
			);
		};
/* End PBXProject section */

/* Begin PBXResourcesBuildPhase section */
		7627EFF826FD8D8800A3F930 /* Resources */ = {
			isa = PBXResourcesBuildPhase;
			buildActionMask = 2147483647;
			files = (
				76CD572926FDD0C200A684DD /* awsconfiguration.json in Resources */,
				7627F04A26FDB25700A3F930 /* vancouver-drive.gpx in Resources */,
				76CD572726FDD0C200A684DD /* amplifyconfiguration.json in Resources */,
				7627F00A26FD8D8800A3F930 /* Assets.xcassets in Resources */,
			);
			runOnlyForDeploymentPostprocessing = 0;
		};
		7627F00026FD8D8800A3F930 /* Resources */ = {
			isa = PBXResourcesBuildPhase;
			buildActionMask = 2147483647;
			files = (
				76CD572A26FDD0C200A684DD /* awsconfiguration.json in Resources */,
				7627F04B26FDB25700A3F930 /* vancouver-drive.gpx in Resources */,
				76CD572826FDD0C200A684DD /* amplifyconfiguration.json in Resources */,
				7627F00B26FD8D8800A3F930 /* Assets.xcassets in Resources */,
			);
			runOnlyForDeploymentPostprocessing = 0;
		};
/* End PBXResourcesBuildPhase section */

/* Begin PBXShellScriptBuildPhase section */
		2333733129B60EFFB53CC5E3 /* [CP] Check Pods Manifest.lock */ = {
			isa = PBXShellScriptBuildPhase;
			buildActionMask = 2147483647;
			files = (
			);
			inputFileListPaths = (
			);
			inputPaths = (
				"${PODS_PODFILE_DIR_PATH}/Podfile.lock",
				"${PODS_ROOT}/Manifest.lock",
			);
			name = "[CP] Check Pods Manifest.lock";
			outputFileListPaths = (
			);
			outputPaths = (
				"$(DERIVED_FILE_DIR)/Pods-AmazonLocationDemo (macOS)-checkManifestLockResult.txt",
			);
			runOnlyForDeploymentPostprocessing = 0;
			shellPath = /bin/sh;
			shellScript = "diff \"${PODS_PODFILE_DIR_PATH}/Podfile.lock\" \"${PODS_ROOT}/Manifest.lock\" > /dev/null\nif [ $? != 0 ] ; then\n    # print error to STDERR\n    echo \"error: The sandbox is not in sync with the Podfile.lock. Run 'pod install' or update your CocoaPods installation.\" >&2\n    exit 1\nfi\n# This output is used by Xcode 'outputs' to avoid re-running this script phase.\necho \"SUCCESS\" > \"${SCRIPT_OUTPUT_FILE_0}\"\n";
			showEnvVarsInLog = 0;
		};
		D248D59A3F7097E8405AE64F /* [CP] Check Pods Manifest.lock */ = {
			isa = PBXShellScriptBuildPhase;
			buildActionMask = 2147483647;
			files = (
			);
			inputFileListPaths = (
			);
			inputPaths = (
				"${PODS_PODFILE_DIR_PATH}/Podfile.lock",
				"${PODS_ROOT}/Manifest.lock",
			);
			name = "[CP] Check Pods Manifest.lock";
			outputFileListPaths = (
			);
			outputPaths = (
				"$(DERIVED_FILE_DIR)/Pods-AmazonLocationDemo (iOS)-checkManifestLockResult.txt",
			);
			runOnlyForDeploymentPostprocessing = 0;
			shellPath = /bin/sh;
			shellScript = "diff \"${PODS_PODFILE_DIR_PATH}/Podfile.lock\" \"${PODS_ROOT}/Manifest.lock\" > /dev/null\nif [ $? != 0 ] ; then\n    # print error to STDERR\n    echo \"error: The sandbox is not in sync with the Podfile.lock. Run 'pod install' or update your CocoaPods installation.\" >&2\n    exit 1\nfi\n# This output is used by Xcode 'outputs' to avoid re-running this script phase.\necho \"SUCCESS\" > \"${SCRIPT_OUTPUT_FILE_0}\"\n";
			showEnvVarsInLog = 0;
		};
		DF24AE5594CD5F0D2870B33B /* [CP] Embed Pods Frameworks */ = {
			isa = PBXShellScriptBuildPhase;
			buildActionMask = 2147483647;
			files = (
			);
			inputFileListPaths = (
				"${PODS_ROOT}/Target Support Files/Pods-AmazonLocationDemo (iOS)/Pods-AmazonLocationDemo (iOS)-frameworks-${CONFIGURATION}-input-files.xcfilelist",
			);
			name = "[CP] Embed Pods Frameworks";
			outputFileListPaths = (
				"${PODS_ROOT}/Target Support Files/Pods-AmazonLocationDemo (iOS)/Pods-AmazonLocationDemo (iOS)-frameworks-${CONFIGURATION}-output-files.xcfilelist",
			);
			runOnlyForDeploymentPostprocessing = 0;
			shellPath = /bin/sh;
			shellScript = "\"${PODS_ROOT}/Target Support Files/Pods-AmazonLocationDemo (iOS)/Pods-AmazonLocationDemo (iOS)-frameworks.sh\"\n";
			showEnvVarsInLog = 0;
		};
/* End PBXShellScriptBuildPhase section */

/* Begin PBXSourcesBuildPhase section */
		7627EFF626FD8D8800A3F930 /* Sources */ = {
			isa = PBXSourcesBuildPhase;
			buildActionMask = 2147483647;
			files = (
				7627F01B26FDA3B100A3F930 /* LocationManagement.swift in Sources */,
				7627F00826FD8D8800A3F930 /* ContentView.swift in Sources */,
				7627F01826FD93BC00A3F930 /* MapView.swift in Sources */,
				7627F00626FD8D8800A3F930 /* AmazonLocationDemoApp.swift in Sources */,
			);
			runOnlyForDeploymentPostprocessing = 0;
		};
		7627EFFE26FD8D8800A3F930 /* Sources */ = {
			isa = PBXSourcesBuildPhase;
			buildActionMask = 2147483647;
			files = (
				7627F01C26FDA3B100A3F930 /* LocationManagement.swift in Sources */,
				7627F00926FD8D8800A3F930 /* ContentView.swift in Sources */,
				7627F01926FD93BC00A3F930 /* MapView.swift in Sources */,
				7627F00726FD8D8800A3F930 /* AmazonLocationDemoApp.swift in Sources */,
			);
			runOnlyForDeploymentPostprocessing = 0;
		};
/* End PBXSourcesBuildPhase section */

/* Begin XCBuildConfiguration section */
		7627F00C26FD8D8800A3F930 /* Debug */ = {
			isa = XCBuildConfiguration;
			buildSettings = {
				ALWAYS_SEARCH_USER_PATHS = NO;
				CLANG_ANALYZER_NONNULL = YES;
				CLANG_ANALYZER_NUMBER_OBJECT_CONVERSION = YES_AGGRESSIVE;
				CLANG_CXX_LANGUAGE_STANDARD = "gnu++14";
				CLANG_CXX_LIBRARY = "libc++";
				CLANG_ENABLE_MODULES = YES;
				CLANG_ENABLE_OBJC_ARC = YES;
				CLANG_ENABLE_OBJC_WEAK = YES;
				CLANG_WARN_BLOCK_CAPTURE_AUTORELEASING = YES;
				CLANG_WARN_BOOL_CONVERSION = YES;
				CLANG_WARN_COMMA = YES;
				CLANG_WARN_CONSTANT_CONVERSION = YES;
				CLANG_WARN_DEPRECATED_OBJC_IMPLEMENTATIONS = YES;
				CLANG_WARN_DIRECT_OBJC_ISA_USAGE = YES_ERROR;
				CLANG_WARN_DOCUMENTATION_COMMENTS = YES;
				CLANG_WARN_EMPTY_BODY = YES;
				CLANG_WARN_ENUM_CONVERSION = YES;
				CLANG_WARN_INFINITE_RECURSION = YES;
				CLANG_WARN_INT_CONVERSION = YES;
				CLANG_WARN_NON_LITERAL_NULL_CONVERSION = YES;
				CLANG_WARN_OBJC_IMPLICIT_RETAIN_SELF = YES;
				CLANG_WARN_OBJC_LITERAL_CONVERSION = YES;
				CLANG_WARN_OBJC_ROOT_CLASS = YES_ERROR;
				CLANG_WARN_QUOTED_INCLUDE_IN_FRAMEWORK_HEADER = YES;
				CLANG_WARN_RANGE_LOOP_ANALYSIS = YES;
				CLANG_WARN_STRICT_PROTOTYPES = YES;
				CLANG_WARN_SUSPICIOUS_MOVE = YES;
				CLANG_WARN_UNGUARDED_AVAILABILITY = YES_AGGRESSIVE;
				CLANG_WARN_UNREACHABLE_CODE = YES;
				CLANG_WARN__DUPLICATE_METHOD_MATCH = YES;
				COPY_PHASE_STRIP = NO;
				DEBUG_INFORMATION_FORMAT = dwarf;
				ENABLE_STRICT_OBJC_MSGSEND = YES;
				ENABLE_TESTABILITY = YES;
				GCC_C_LANGUAGE_STANDARD = gnu11;
				GCC_DYNAMIC_NO_PIC = NO;
				GCC_NO_COMMON_BLOCKS = YES;
				GCC_OPTIMIZATION_LEVEL = 0;
				GCC_PREPROCESSOR_DEFINITIONS = (
					"DEBUG=1",
					"$(inherited)",
				);
				GCC_WARN_64_TO_32_BIT_CONVERSION = YES;
				GCC_WARN_ABOUT_RETURN_TYPE = YES_ERROR;
				GCC_WARN_UNDECLARED_SELECTOR = YES;
				GCC_WARN_UNINITIALIZED_AUTOS = YES_AGGRESSIVE;
				GCC_WARN_UNUSED_FUNCTION = YES;
				GCC_WARN_UNUSED_VARIABLE = YES;
				MTL_ENABLE_DEBUG_INFO = INCLUDE_SOURCE;
				MTL_FAST_MATH = YES;
				ONLY_ACTIVE_ARCH = YES;
				SWIFT_ACTIVE_COMPILATION_CONDITIONS = DEBUG;
				SWIFT_OPTIMIZATION_LEVEL = "-Onone";
			};
			name = Debug;
		};
		7627F00D26FD8D8800A3F930 /* Release */ = {
			isa = XCBuildConfiguration;
			buildSettings = {
				ALWAYS_SEARCH_USER_PATHS = NO;
				CLANG_ANALYZER_NONNULL = YES;
				CLANG_ANALYZER_NUMBER_OBJECT_CONVERSION = YES_AGGRESSIVE;
				CLANG_CXX_LANGUAGE_STANDARD = "gnu++14";
				CLANG_CXX_LIBRARY = "libc++";
				CLANG_ENABLE_MODULES = YES;
				CLANG_ENABLE_OBJC_ARC = YES;
				CLANG_ENABLE_OBJC_WEAK = YES;
				CLANG_WARN_BLOCK_CAPTURE_AUTORELEASING = YES;
				CLANG_WARN_BOOL_CONVERSION = YES;
				CLANG_WARN_COMMA = YES;
				CLANG_WARN_CONSTANT_CONVERSION = YES;
				CLANG_WARN_DEPRECATED_OBJC_IMPLEMENTATIONS = YES;
				CLANG_WARN_DIRECT_OBJC_ISA_USAGE = YES_ERROR;
				CLANG_WARN_DOCUMENTATION_COMMENTS = YES;
				CLANG_WARN_EMPTY_BODY = YES;
				CLANG_WARN_ENUM_CONVERSION = YES;
				CLANG_WARN_INFINITE_RECURSION = YES;
				CLANG_WARN_INT_CONVERSION = YES;
				CLANG_WARN_NON_LITERAL_NULL_CONVERSION = YES;
				CLANG_WARN_OBJC_IMPLICIT_RETAIN_SELF = YES;
				CLANG_WARN_OBJC_LITERAL_CONVERSION = YES;
				CLANG_WARN_OBJC_ROOT_CLASS = YES_ERROR;
				CLANG_WARN_QUOTED_INCLUDE_IN_FRAMEWORK_HEADER = YES;
				CLANG_WARN_RANGE_LOOP_ANALYSIS = YES;
				CLANG_WARN_STRICT_PROTOTYPES = YES;
				CLANG_WARN_SUSPICIOUS_MOVE = YES;
				CLANG_WARN_UNGUARDED_AVAILABILITY = YES_AGGRESSIVE;
				CLANG_WARN_UNREACHABLE_CODE = YES;
				CLANG_WARN__DUPLICATE_METHOD_MATCH = YES;
				COPY_PHASE_STRIP = NO;
				DEBUG_INFORMATION_FORMAT = "dwarf-with-dsym";
				ENABLE_NS_ASSERTIONS = NO;
				ENABLE_STRICT_OBJC_MSGSEND = YES;
				GCC_C_LANGUAGE_STANDARD = gnu11;
				GCC_NO_COMMON_BLOCKS = YES;
				GCC_WARN_64_TO_32_BIT_CONVERSION = YES;
				GCC_WARN_ABOUT_RETURN_TYPE = YES_ERROR;
				GCC_WARN_UNDECLARED_SELECTOR = YES;
				GCC_WARN_UNINITIALIZED_AUTOS = YES_AGGRESSIVE;
				GCC_WARN_UNUSED_FUNCTION = YES;
				GCC_WARN_UNUSED_VARIABLE = YES;
				MTL_ENABLE_DEBUG_INFO = NO;
				MTL_FAST_MATH = YES;
				SWIFT_COMPILATION_MODE = wholemodule;
				SWIFT_OPTIMIZATION_LEVEL = "-O";
			};
			name = Release;
		};
		7627F00F26FD8D8800A3F930 /* Debug */ = {
			isa = XCBuildConfiguration;
			baseConfigurationReference = ADFB23B7E1A30097844C8BE1 /* Pods-AmazonLocationDemo (iOS).debug.xcconfig */;
			buildSettings = {
				ASSETCATALOG_COMPILER_APPICON_NAME = AppIcon;
				ASSETCATALOG_COMPILER_GLOBAL_ACCENT_COLOR_NAME = AccentColor;
				CODE_SIGN_STYLE = Automatic;
				DEVELOPMENT_TEAM = C9FVQFAP43;
				ENABLE_PREVIEWS = YES;
				INFOPLIST_FILE = iOS/Info.plist;
				IPHONEOS_DEPLOYMENT_TARGET = 14.0;
				LD_RUNPATH_SEARCH_PATHS = (
					"$(inherited)",
					"@executable_path/Frameworks",
				);
				PRODUCT_BUNDLE_IDENTIFIER = com.tfc.AmazonLocationDemo;
				PRODUCT_NAME = AmazonLocationDemo;
				SDKROOT = iphoneos;
				SWIFT_VERSION = 5.0;
				TARGETED_DEVICE_FAMILY = "1,2";
			};
			name = Debug;
		};
		7627F01026FD8D8800A3F930 /* Release */ = {
			isa = XCBuildConfiguration;
			baseConfigurationReference = 7E016B9E745E687E4216192F /* Pods-AmazonLocationDemo (iOS).release.xcconfig */;
			buildSettings = {
				ASSETCATALOG_COMPILER_APPICON_NAME = AppIcon;
				ASSETCATALOG_COMPILER_GLOBAL_ACCENT_COLOR_NAME = AccentColor;
				CODE_SIGN_STYLE = Automatic;
				DEVELOPMENT_TEAM = C9FVQFAP43;
				ENABLE_PREVIEWS = YES;
				INFOPLIST_FILE = iOS/Info.plist;
				IPHONEOS_DEPLOYMENT_TARGET = 14.0;
				LD_RUNPATH_SEARCH_PATHS = (
					"$(inherited)",
					"@executable_path/Frameworks",
				);
				PRODUCT_BUNDLE_IDENTIFIER = com.tfc.AmazonLocationDemo;
				PRODUCT_NAME = AmazonLocationDemo;
				SDKROOT = iphoneos;
				SWIFT_VERSION = 5.0;
				TARGETED_DEVICE_FAMILY = "1,2";
				VALIDATE_PRODUCT = YES;
			};
			name = Release;
		};
		7627F01226FD8D8800A3F930 /* Debug */ = {
			isa = XCBuildConfiguration;
			baseConfigurationReference = D4CF26F6C1A6E4D78BCDE8A0 /* Pods-AmazonLocationDemo (macOS).debug.xcconfig */;
			buildSettings = {
				ASSETCATALOG_COMPILER_APPICON_NAME = AppIcon;
				ASSETCATALOG_COMPILER_GLOBAL_ACCENT_COLOR_NAME = AccentColor;
				CODE_SIGN_ENTITLEMENTS = macOS/macOS.entitlements;
				CODE_SIGN_STYLE = Automatic;
				COMBINE_HIDPI_IMAGES = YES;
				DEVELOPMENT_TEAM = C9FVQFAP43;
				ENABLE_HARDENED_RUNTIME = YES;
				ENABLE_PREVIEWS = YES;
				INFOPLIST_FILE = macOS/Info.plist;
				LD_RUNPATH_SEARCH_PATHS = (
					"$(inherited)",
					"@executable_path/../Frameworks",
				);
				MACOSX_DEPLOYMENT_TARGET = 11.0;
				PRODUCT_BUNDLE_IDENTIFIER = com.tfc.AmazonLocationDemo;
				PRODUCT_NAME = AmazonLocationDemo;
				SDKROOT = macosx;
				SWIFT_VERSION = 5.0;
			};
			name = Debug;
		};
		7627F01326FD8D8800A3F930 /* Release */ = {
			isa = XCBuildConfiguration;
			baseConfigurationReference = 28640BE86025861520B16881 /* Pods-AmazonLocationDemo (macOS).release.xcconfig */;
			buildSettings = {
				ASSETCATALOG_COMPILER_APPICON_NAME = AppIcon;
				ASSETCATALOG_COMPILER_GLOBAL_ACCENT_COLOR_NAME = AccentColor;
				CODE_SIGN_ENTITLEMENTS = macOS/macOS.entitlements;
				CODE_SIGN_STYLE = Automatic;
				COMBINE_HIDPI_IMAGES = YES;
				DEVELOPMENT_TEAM = C9FVQFAP43;
				ENABLE_HARDENED_RUNTIME = YES;
				ENABLE_PREVIEWS = YES;
				INFOPLIST_FILE = macOS/Info.plist;
				LD_RUNPATH_SEARCH_PATHS = (
					"$(inherited)",
					"@executable_path/../Frameworks",
				);
				MACOSX_DEPLOYMENT_TARGET = 11.0;
				PRODUCT_BUNDLE_IDENTIFIER = com.tfc.AmazonLocationDemo;
				PRODUCT_NAME = AmazonLocationDemo;
				SDKROOT = macosx;
				SWIFT_VERSION = 5.0;
			};
			name = Release;
		};
/* End XCBuildConfiguration section */

/* Begin XCConfigurationList section */
		7627EFF126FD8D8700A3F930 /* Build configuration list for PBXProject "AmazonLocationDemo" */ = {
			isa = XCConfigurationList;
			buildConfigurations = (
				7627F00C26FD8D8800A3F930 /* Debug */,
				7627F00D26FD8D8800A3F930 /* Release */,
			);
			defaultConfigurationIsVisible = 0;
			defaultConfigurationName = Release;
		};
		7627F00E26FD8D8800A3F930 /* Build configuration list for PBXNativeTarget "AmazonLocationDemo (iOS)" */ = {
			isa = XCConfigurationList;
			buildConfigurations = (
				7627F00F26FD8D8800A3F930 /* Debug */,
				7627F01026FD8D8800A3F930 /* Release */,
			);
			defaultConfigurationIsVisible = 0;
			defaultConfigurationName = Release;
		};
		7627F01126FD8D8800A3F930 /* Build configuration list for PBXNativeTarget "AmazonLocationDemo (macOS)" */ = {
			isa = XCConfigurationList;
			buildConfigurations = (
				7627F01226FD8D8800A3F930 /* Debug */,
				7627F01326FD8D8800A3F930 /* Release */,
			);
			defaultConfigurationIsVisible = 0;
			defaultConfigurationName = Release;
		};
/* End XCConfigurationList section */
	};
	rootObject = 7627EFEE26FD8D8700A3F930 /* Project object */;
}
